
Microsoft Visual Studio Solution File, Format Version 12.00
# Visual Studio 15
VisualStudioVersion = 15.0.28307.168
MinimumVisualStudioVersion = 10.0.40219.1
Project("{9A19103F-16F7-4668-BE54-9A1E7A4F7556}") = "Parish.Data", "Parish.Data\Parish.Data.csproj", "{17D1EED6-5956-430C-85F2-5C0602457BEF}"
EndProject
Project("{FAE04EC0-301F-11D3-BF4B-00C04F79EFBC}") = "Parish.Web", "Parish.Web\Parish.Web.csproj", "{2E7826B7-A830-4337-A6F2-01ACB0514EDA}"
EndProject
Global
	GlobalSection(SolutionConfigurationPlatforms) = preSolution
		Debug|Any CPU = Debug|Any CPU
		Release|Any CPU = Release|Any CPU
	EndGlobalSection
	GlobalSection(ProjectConfigurationPlatforms) = postSolution
		{17D1EED6-5956-430C-85F2-5C0602457BEF}.Debug|Any CPU.ActiveCfg = Debug|Any CPU
		{17D1EED6-5956-430C-85F2-5C0602457BEF}.Debug|Any CPU.Build.0 = Debug|Any CPU
		{17D1EED6-5956-430C-85F2-5C0602457BEF}.Release|Any CPU.ActiveCfg = Release|Any CPU
		{17D1EED6-5956-430C-85F2-5C0602457BEF}.Release|Any CPU.Build.0 = Release|Any CPU
		{2E7826B7-A830-4337-A6F2-01ACB0514EDA}.Debug|Any CPU.ActiveCfg = Debug|Any CPU
		{2E7826B7-A830-4337-A6F2-01ACB0514EDA}.Debug|Any CPU.Build.0 = Debug|Any CPU
		{2E7826B7-A830-4337-A6F2-01ACB0514EDA}.Release|Any CPU.ActiveCfg = Release|Any CPU
		{2E7826B7-A830-4337-A6F2-01ACB0514EDA}.Release|Any CPU.Build.0 = Release|Any CPU
	EndGlobalSection
	GlobalSection(SolutionProperties) = preSolution
		HideSolutionNode = FALSE
	EndGlobalSection
	GlobalSection(ExtensibilityGlobals) = postSolution
		SolutionGuid = {67F7AE91-7FA4-471E-98BA-5A115E9B1226}
	EndGlobalSection
EndGlobal
